// !$*UTF8*$!
{
	archiveVersion = 1;
	classes = {
	};
	objectVersion = 50;
	objects = {

/* Begin PBXBuildFile section */
		B3079A65264D315400B38A18 /* EateriesCoreDataApp.swift in Sources */ = {isa = PBXBuildFile; fileRef = B3079A64264D315400B38A18 /* EateriesCoreDataApp.swift */; };
		B3079A67264D315400B38A18 /* ContentView.swift in Sources */ = {isa = PBXBuildFile; fileRef = B3079A66264D315400B38A18 /* ContentView.swift */; };
		B3079A69264D315500B38A18 /* Assets.xcassets in Resources */ = {isa = PBXBuildFile; fileRef = B3079A68264D315500B38A18 /* Assets.xcassets */; };
		B3079A6C264D315500B38A18 /* Preview Assets.xcassets in Resources */ = {isa = PBXBuildFile; fileRef = B3079A6B264D315500B38A18 /* Preview Assets.xcassets */; };
		B3079A6E264D315500B38A18 /* Persistence.swift in Sources */ = {isa = PBXBuildFile; fileRef = B3079A6D264D315500B38A18 /* Persistence.swift */; };
		B3079A71264D315500B38A18 /* EateriesCoreData.xcdatamodeld in Sources */ = {isa = PBXBuildFile; fileRef = B3079A6F264D315500B38A18 /* EateriesCoreData.xcdatamodeld */; };
		B3079A7C264D315600B38A18 /* EateriesCoreDataTests.swift in Sources */ = {isa = PBXBuildFile; fileRef = B3079A7B264D315600B38A18 /* EateriesCoreDataTests.swift */; };
		B3079A87264D315600B38A18 /* EateriesCoreDataUITests.swift in Sources */ = {isa = PBXBuildFile; fileRef = B3079A86264D315600B38A18 /* EateriesCoreDataUITests.swift */; };
		B3079AB8264D3D7100B38A18 /* Restaurant+ViewModel.swift in Sources */ = {isa = PBXBuildFile; fileRef = B3079AB7264D3D7100B38A18 /* Restaurant+ViewModel.swift */; };
		B3079AC0264D41C400B38A18 /* MasterView.swift in Sources */ = {isa = PBXBuildFile; fileRef = B3079ABF264D41C400B38A18 /* MasterView.swift */; };
		B3688B682640FE23006A8EF9 /* RestaurantModel.swift in Sources */ = {isa = PBXBuildFile; fileRef = B3688B672640FE23006A8EF9 /* RestaurantModel.swift */; };
		B3688B702640FF79006A8EF9 /* RestaurantListView.swift in Sources */ = {isa = PBXBuildFile; fileRef = B3688B6F2640FF79006A8EF9 /* RestaurantListView.swift */; };
		B3688B752640FF9D006A8EF9 /* RestaurantCellView.swift in Sources */ = {isa = PBXBuildFile; fileRef = B3688B742640FF9D006A8EF9 /* RestaurantCellView.swift */; };
		B3688B7A26410159006A8EF9 /* DetailRoute.swift in Sources */ = {isa = PBXBuildFile; fileRef = B3688B7926410159006A8EF9 /* DetailRoute.swift */; };
		B3688B7F26410173006A8EF9 /* RestaurantDetailView.swift in Sources */ = {isa = PBXBuildFile; fileRef = B3688B7E26410173006A8EF9 /* RestaurantDetailView.swift */; };
		B3688B8426410180006A8EF9 /* RestaurantEditView.swift in Sources */ = {isa = PBXBuildFile; fileRef = B3688B8326410180006A8EF9 /* RestaurantEditView.swift */; };
		B396813D2643BAC900A498D8 /* ReviewCellView.swift in Sources */ = {isa = PBXBuildFile; fileRef = B396813C2643BAC900A498D8 /* ReviewCellView.swift */; };
		B3E695C12640FCFE008FCFAC /* EateriesApp.swift in Sources */ = {isa = PBXBuildFile; fileRef = B3E695C02640FCFE008FCFAC /* EateriesApp.swift */; };
		B3E695C32640FCFE008FCFAC /* ContentView.swift in Sources */ = {isa = PBXBuildFile; fileRef = B3E695C22640FCFE008FCFAC /* ContentView.swift */; };
		B3E695C52640FCFE008FCFAC /* Assets.xcassets in Resources */ = {isa = PBXBuildFile; fileRef = B3E695C42640FCFE008FCFAC /* Assets.xcassets */; };
		B3E695C82640FCFE008FCFAC /* Preview Assets.xcassets in Resources */ = {isa = PBXBuildFile; fileRef = B3E695C72640FCFE008FCFAC /* Preview Assets.xcassets */; };
		B3E695D32640FCFE008FCFAC /* EateriesTests.swift in Sources */ = {isa = PBXBuildFile; fileRef = B3E695D22640FCFE008FCFAC /* EateriesTests.swift */; };
		B3E695DE2640FCFE008FCFAC /* EateriesUITests.swift in Sources */ = {isa = PBXBuildFile; fileRef = B3E695DD2640FCFE008FCFAC /* EateriesUITests.swift */; };
/* End PBXBuildFile section */

/* Begin PBXContainerItemProxy section */
		B3079A78264D315600B38A18 /* PBXContainerItemProxy */ = {
			isa = PBXContainerItemProxy;
			containerPortal = B3E695B52640FCFE008FCFAC /* Project object */;
			proxyType = 1;
			remoteGlobalIDString = B3079A61264D315400B38A18;
			remoteInfo = EateriesCoreData;
		};
		B3079A83264D315600B38A18 /* PBXContainerItemProxy */ = {
			isa = PBXContainerItemProxy;
			containerPortal = B3E695B52640FCFE008FCFAC /* Project object */;
			proxyType = 1;
			remoteGlobalIDString = B3079A61264D315400B38A18;
			remoteInfo = EateriesCoreData;
		};
		B3E695CF2640FCFE008FCFAC /* PBXContainerItemProxy */ = {
			isa = PBXContainerItemProxy;
			containerPortal = B3E695B52640FCFE008FCFAC /* Project object */;
			proxyType = 1;
			remoteGlobalIDString = B3E695BC2640FCFE008FCFAC;
			remoteInfo = Eateries;
		};
		B3E695DA2640FCFE008FCFAC /* PBXContainerItemProxy */ = {
			isa = PBXContainerItemProxy;
			containerPortal = B3E695B52640FCFE008FCFAC /* Project object */;
			proxyType = 1;
			remoteGlobalIDString = B3E695BC2640FCFE008FCFAC;
			remoteInfo = Eateries;
		};
/* End PBXContainerItemProxy section */

/* Begin PBXFileReference section */
		B3079A62264D315400B38A18 /* EateriesCoreData.app */ = {isa = PBXFileReference; explicitFileType = wrapper.application; includeInIndex = 0; path = EateriesCoreData.app; sourceTree = BUILT_PRODUCTS_DIR; };
		B3079A64264D315400B38A18 /* EateriesCoreDataApp.swift */ = {isa = PBXFileReference; lastKnownFileType = sourcecode.swift; path = EateriesCoreDataApp.swift; sourceTree = "<group>"; };
		B3079A66264D315400B38A18 /* ContentView.swift */ = {isa = PBXFileReference; lastKnownFileType = sourcecode.swift; path = ContentView.swift; sourceTree = "<group>"; };
		B3079A68264D315500B38A18 /* Assets.xcassets */ = {isa = PBXFileReference; lastKnownFileType = folder.assetcatalog; path = Assets.xcassets; sourceTree = "<group>"; };
		B3079A6B264D315500B38A18 /* Preview Assets.xcassets */ = {isa = PBXFileReference; lastKnownFileType = folder.assetcatalog; path = "Preview Assets.xcassets"; sourceTree = "<group>"; };
		B3079A6D264D315500B38A18 /* Persistence.swift */ = {isa = PBXFileReference; lastKnownFileType = sourcecode.swift; path = Persistence.swift; sourceTree = "<group>"; };
		B3079A70264D315500B38A18 /* EateriesCoreData.xcdatamodel */ = {isa = PBXFileReference; lastKnownFileType = wrapper.xcdatamodel; path = EateriesCoreData.xcdatamodel; sourceTree = "<group>"; };
		B3079A72264D315500B38A18 /* Info.plist */ = {isa = PBXFileReference; lastKnownFileType = text.plist.xml; path = Info.plist; sourceTree = "<group>"; };
		B3079A77264D315600B38A18 /* EateriesCoreDataTests.xctest */ = {isa = PBXFileReference; explicitFileType = wrapper.cfbundle; includeInIndex = 0; path = EateriesCoreDataTests.xctest; sourceTree = BUILT_PRODUCTS_DIR; };
		B3079A7B264D315600B38A18 /* EateriesCoreDataTests.swift */ = {isa = PBXFileReference; lastKnownFileType = sourcecode.swift; path = EateriesCoreDataTests.swift; sourceTree = "<group>"; };
		B3079A7D264D315600B38A18 /* Info.plist */ = {isa = PBXFileReference; lastKnownFileType = text.plist.xml; path = Info.plist; sourceTree = "<group>"; };
		B3079A82264D315600B38A18 /* EateriesCoreDataUITests.xctest */ = {isa = PBXFileReference; explicitFileType = wrapper.cfbundle; includeInIndex = 0; path = EateriesCoreDataUITests.xctest; sourceTree = BUILT_PRODUCTS_DIR; };
		B3079A86264D315600B38A18 /* EateriesCoreDataUITests.swift */ = {isa = PBXFileReference; lastKnownFileType = sourcecode.swift; path = EateriesCoreDataUITests.swift; sourceTree = "<group>"; };
		B3079A88264D315600B38A18 /* Info.plist */ = {isa = PBXFileReference; lastKnownFileType = text.plist.xml; path = Info.plist; sourceTree = "<group>"; };
		B3079AAB264D373500B38A18 /* Review+CoreDataClass.swift */ = {isa = PBXFileReference; lastKnownFileType = sourcecode.swift; path = "Review+CoreDataClass.swift"; sourceTree = "<group>"; };
		B3079AAC264D373500B38A18 /* Restaurant+CoreDataProperties.swift */ = {isa = PBXFileReference; lastKnownFileType = sourcecode.swift; path = "Restaurant+CoreDataProperties.swift"; sourceTree = "<group>"; };
		B3079AAD264D373500B38A18 /* Restaurant+CoreDataClass.swift */ = {isa = PBXFileReference; lastKnownFileType = sourcecode.swift; path = "Restaurant+CoreDataClass.swift"; sourceTree = "<group>"; };
		B3079AAE264D373500B38A18 /* Eateries+CoreDataClass.swift */ = {isa = PBXFileReference; lastKnownFileType = sourcecode.swift; path = "Eateries+CoreDataClass.swift"; sourceTree = "<group>"; };
		B3079AAF264D373500B38A18 /* Eateries+CoreDataProperties.swift */ = {isa = PBXFileReference; lastKnownFileType = sourcecode.swift; path = "Eateries+CoreDataProperties.swift"; sourceTree = "<group>"; };
		B3079AB0264D373500B38A18 /* Review+CoreDataProperties.swift */ = {isa = PBXFileReference; lastKnownFileType = sourcecode.swift; path = "Review+CoreDataProperties.swift"; sourceTree = "<group>"; };
		B3079AB7264D3D7100B38A18 /* Restaurant+ViewModel.swift */ = {isa = PBXFileReference; lastKnownFileType = sourcecode.swift; path = "Restaurant+ViewModel.swift"; sourceTree = "<group>"; };
		B3079ABF264D41C400B38A18 /* MasterView.swift */ = {isa = PBXFileReference; lastKnownFileType = sourcecode.swift; path = MasterView.swift; sourceTree = "<group>"; };
		B3688B672640FE23006A8EF9 /* RestaurantModel.swift */ = {isa = PBXFileReference; lastKnownFileType = sourcecode.swift; path = RestaurantModel.swift; sourceTree = "<group>"; };
		B3688B6F2640FF79006A8EF9 /* RestaurantListView.swift */ = {isa = PBXFileReference; lastKnownFileType = sourcecode.swift; path = RestaurantListView.swift; sourceTree = "<group>"; };
		B3688B742640FF9D006A8EF9 /* RestaurantCellView.swift */ = {isa = PBXFileReference; lastKnownFileType = sourcecode.swift; path = RestaurantCellView.swift; sourceTree = "<group>"; };
		B3688B7926410159006A8EF9 /* DetailRoute.swift */ = {isa = PBXFileReference; lastKnownFileType = sourcecode.swift; path = DetailRoute.swift; sourceTree = "<group>"; };
		B3688B7E26410173006A8EF9 /* RestaurantDetailView.swift */ = {isa = PBXFileReference; lastKnownFileType = sourcecode.swift; path = RestaurantDetailView.swift; sourceTree = "<group>"; };
		B3688B8326410180006A8EF9 /* RestaurantEditView.swift */ = {isa = PBXFileReference; lastKnownFileType = sourcecode.swift; path = RestaurantEditView.swift; sourceTree = "<group>"; };
		B396813C2643BAC900A498D8 /* ReviewCellView.swift */ = {isa = PBXFileReference; lastKnownFileType = sourcecode.swift; path = ReviewCellView.swift; sourceTree = "<group>"; };
		B3E695BD2640FCFE008FCFAC /* Eateries.app */ = {isa = PBXFileReference; explicitFileType = wrapper.application; includeInIndex = 0; path = Eateries.app; sourceTree = BUILT_PRODUCTS_DIR; };
		B3E695C02640FCFE008FCFAC /* EateriesApp.swift */ = {isa = PBXFileReference; lastKnownFileType = sourcecode.swift; path = EateriesApp.swift; sourceTree = "<group>"; };
		B3E695C22640FCFE008FCFAC /* ContentView.swift */ = {isa = PBXFileReference; lastKnownFileType = sourcecode.swift; path = ContentView.swift; sourceTree = "<group>"; };
		B3E695C42640FCFE008FCFAC /* Assets.xcassets */ = {isa = PBXFileReference; lastKnownFileType = folder.assetcatalog; path = Assets.xcassets; sourceTree = "<group>"; };
		B3E695C72640FCFE008FCFAC /* Preview Assets.xcassets */ = {isa = PBXFileReference; lastKnownFileType = folder.assetcatalog; path = "Preview Assets.xcassets"; sourceTree = "<group>"; };
		B3E695C92640FCFE008FCFAC /* Info.plist */ = {isa = PBXFileReference; lastKnownFileType = text.plist.xml; path = Info.plist; sourceTree = "<group>"; };
		B3E695CE2640FCFE008FCFAC /* EateriesTests.xctest */ = {isa = PBXFileReference; explicitFileType = wrapper.cfbundle; includeInIndex = 0; path = EateriesTests.xctest; sourceTree = BUILT_PRODUCTS_DIR; };
		B3E695D22640FCFE008FCFAC /* EateriesTests.swift */ = {isa = PBXFileReference; lastKnownFileType = sourcecode.swift; path = EateriesTests.swift; sourceTree = "<group>"; };
		B3E695D42640FCFE008FCFAC /* Info.plist */ = {isa = PBXFileReference; lastKnownFileType = text.plist.xml; path = Info.plist; sourceTree = "<group>"; };
		B3E695D92640FCFE008FCFAC /* EateriesUITests.xctest */ = {isa = PBXFileReference; explicitFileType = wrapper.cfbundle; includeInIndex = 0; path = EateriesUITests.xctest; sourceTree = BUILT_PRODUCTS_DIR; };
		B3E695DD2640FCFE008FCFAC /* EateriesUITests.swift */ = {isa = PBXFileReference; lastKnownFileType = sourcecode.swift; path = EateriesUITests.swift; sourceTree = "<group>"; };
		B3E695DF2640FCFE008FCFAC /* Info.plist */ = {isa = PBXFileReference; lastKnownFileType = text.plist.xml; path = Info.plist; sourceTree = "<group>"; };
/* End PBXFileReference section */

/* Begin PBXFrameworksBuildPhase section */
		B3079A5F264D315400B38A18 /* Frameworks */ = {
			isa = PBXFrameworksBuildPhase;
			buildActionMask = 2147483647;
			files = (
			);
			runOnlyForDeploymentPostprocessing = 0;
		};
		B3079A74264D315600B38A18 /* Frameworks */ = {
			isa = PBXFrameworksBuildPhase;
			buildActionMask = 2147483647;
			files = (
			);
			runOnlyForDeploymentPostprocessing = 0;
		};
		B3079A7F264D315600B38A18 /* Frameworks */ = {
			isa = PBXFrameworksBuildPhase;
			buildActionMask = 2147483647;
			files = (
			);
			runOnlyForDeploymentPostprocessing = 0;
		};
		B3E695BA2640FCFE008FCFAC /* Frameworks */ = {
			isa = PBXFrameworksBuildPhase;
			buildActionMask = 2147483647;
			files = (
			);
			runOnlyForDeploymentPostprocessing = 0;
		};
		B3E695CB2640FCFE008FCFAC /* Frameworks */ = {
			isa = PBXFrameworksBuildPhase;
			buildActionMask = 2147483647;
			files = (
			);
			runOnlyForDeploymentPostprocessing = 0;
		};
		B3E695D62640FCFE008FCFAC /* Frameworks */ = {
			isa = PBXFrameworksBuildPhase;
			buildActionMask = 2147483647;
			files = (
			);
			runOnlyForDeploymentPostprocessing = 0;
		};
/* End PBXFrameworksBuildPhase section */

/* Begin PBXGroup section */
		B3079A63264D315400B38A18 /* EateriesCoreData */ = {
			isa = PBXGroup;
			children = (
				B3079AAA264D373500B38A18 /* GeneratedCode */,
				B3079A64264D315400B38A18 /* EateriesCoreDataApp.swift */,
				B3079A66264D315400B38A18 /* ContentView.swift */,
				B3079AB7264D3D7100B38A18 /* Restaurant+ViewModel.swift */,
				B3079ABF264D41C400B38A18 /* MasterView.swift */,
				B3079A68264D315500B38A18 /* Assets.xcassets */,
				B3079A6D264D315500B38A18 /* Persistence.swift */,
				B3079A72264D315500B38A18 /* Info.plist */,
				B3079A6F264D315500B38A18 /* EateriesCoreData.xcdatamodeld */,
				B3079A6A264D315500B38A18 /* Preview Content */,
			);
			path = EateriesCoreData;
			sourceTree = "<group>";
		};
		B3079A6A264D315500B38A18 /* Preview Content */ = {
			isa = PBXGroup;
			children = (
				B3079A6B264D315500B38A18 /* Preview Assets.xcassets */,
			);
			path = "Preview Content";
			sourceTree = "<group>";
		};
		B3079A7A264D315600B38A18 /* EateriesCoreDataTests */ = {
			isa = PBXGroup;
			children = (
				B3079A7B264D315600B38A18 /* EateriesCoreDataTests.swift */,
				B3079A7D264D315600B38A18 /* Info.plist */,
			);
			path = EateriesCoreDataTests;
			sourceTree = "<group>";
		};
		B3079A85264D315600B38A18 /* EateriesCoreDataUITests */ = {
			isa = PBXGroup;
			children = (
				B3079A86264D315600B38A18 /* EateriesCoreDataUITests.swift */,
				B3079A88264D315600B38A18 /* Info.plist */,
			);
			path = EateriesCoreDataUITests;
			sourceTree = "<group>";
		};
		B3079AAA264D373500B38A18 /* GeneratedCode */ = {
			isa = PBXGroup;
			children = (
				B3079AAB264D373500B38A18 /* Review+CoreDataClass.swift */,
				B3079AAC264D373500B38A18 /* Restaurant+CoreDataProperties.swift */,
				B3079AAD264D373500B38A18 /* Restaurant+CoreDataClass.swift */,
				B3079AAE264D373500B38A18 /* Eateries+CoreDataClass.swift */,
				B3079AAF264D373500B38A18 /* Eateries+CoreDataProperties.swift */,
				B3079AB0264D373500B38A18 /* Review+CoreDataProperties.swift */,
			);
			path = GeneratedCode;
			sourceTree = "<group>";
		};
		B3688B8826410695006A8EF9 /* Detail Views */ = {
			isa = PBXGroup;
			children = (
				B3688B7926410159006A8EF9 /* DetailRoute.swift */,
				B3688B7E26410173006A8EF9 /* RestaurantDetailView.swift */,
				B3688B8326410180006A8EF9 /* RestaurantEditView.swift */,
				B396813C2643BAC900A498D8 /* ReviewCellView.swift */,
			);
			path = "Detail Views";
			sourceTree = "<group>";
		};
		B3688B89264106AD006A8EF9 /* Master Views */ = {
			isa = PBXGroup;
			children = (
				B3E695C22640FCFE008FCFAC /* ContentView.swift */,
				B3688B6F2640FF79006A8EF9 /* RestaurantListView.swift */,
				B3688B742640FF9D006A8EF9 /* RestaurantCellView.swift */,
			);
			path = "Master Views";
			sourceTree = "<group>";
		};
		B3688B8D264106BE006A8EF9 /* Model */ = {
			isa = PBXGroup;
			children = (
				B3688B672640FE23006A8EF9 /* RestaurantModel.swift */,
			);
			path = Model;
			sourceTree = "<group>";
		};
		B3688B9126411056006A8EF9 /* Views */ = {
			isa = PBXGroup;
			children = (
				B3688B89264106AD006A8EF9 /* Master Views */,
				B3688B8826410695006A8EF9 /* Detail Views */,
			);
			path = Views;
			sourceTree = "<group>";
		};
		B3E695B42640FCFE008FCFAC = {
			isa = PBXGroup;
			children = (
				B3E695BF2640FCFE008FCFAC /* Eateries */,
				B3E695D12640FCFE008FCFAC /* EateriesTests */,
				B3E695DC2640FCFE008FCFAC /* EateriesUITests */,
				B3079A63264D315400B38A18 /* EateriesCoreData */,
				B3079A7A264D315600B38A18 /* EateriesCoreDataTests */,
				B3079A85264D315600B38A18 /* EateriesCoreDataUITests */,
				B3E695BE2640FCFE008FCFAC /* Products */,
			);
			sourceTree = "<group>";
		};
		B3E695BE2640FCFE008FCFAC /* Products */ = {
			isa = PBXGroup;
			children = (
				B3E695BD2640FCFE008FCFAC /* Eateries.app */,
				B3E695CE2640FCFE008FCFAC /* EateriesTests.xctest */,
				B3E695D92640FCFE008FCFAC /* EateriesUITests.xctest */,
				B3079A62264D315400B38A18 /* EateriesCoreData.app */,
				B3079A77264D315600B38A18 /* EateriesCoreDataTests.xctest */,
				B3079A82264D315600B38A18 /* EateriesCoreDataUITests.xctest */,
			);
			name = Products;
			sourceTree = "<group>";
		};
		B3E695BF2640FCFE008FCFAC /* Eateries */ = {
			isa = PBXGroup;
			children = (
				B3E695C02640FCFE008FCFAC /* EateriesApp.swift */,
				B3688B9126411056006A8EF9 /* Views */,
				B3E695C42640FCFE008FCFAC /* Assets.xcassets */,
				B3E695C92640FCFE008FCFAC /* Info.plist */,
				B3E695C62640FCFE008FCFAC /* Preview Content */,
				B3688B8D264106BE006A8EF9 /* Model */,
			);
			path = Eateries;
			sourceTree = "<group>";
		};
		B3E695C62640FCFE008FCFAC /* Preview Content */ = {
			isa = PBXGroup;
			children = (
				B3E695C72640FCFE008FCFAC /* Preview Assets.xcassets */,
			);
			path = "Preview Content";
			sourceTree = "<group>";
		};
		B3E695D12640FCFE008FCFAC /* EateriesTests */ = {
			isa = PBXGroup;
			children = (
				B3E695D22640FCFE008FCFAC /* EateriesTests.swift */,
				B3E695D42640FCFE008FCFAC /* Info.plist */,
			);
			path = EateriesTests;
			sourceTree = "<group>";
		};
		B3E695DC2640FCFE008FCFAC /* EateriesUITests */ = {
			isa = PBXGroup;
			children = (
				B3E695DD2640FCFE008FCFAC /* EateriesUITests.swift */,
				B3E695DF2640FCFE008FCFAC /* Info.plist */,
			);
			path = EateriesUITests;
			sourceTree = "<group>";
		};
/* End PBXGroup section */

/* Begin PBXNativeTarget section */
		B3079A61264D315400B38A18 /* EateriesCoreData */ = {
			isa = PBXNativeTarget;
			buildConfigurationList = B3079A8F264D315600B38A18 /* Build configuration list for PBXNativeTarget "EateriesCoreData" */;
			buildPhases = (
				B3079A5E264D315400B38A18 /* Sources */,
				B3079A5F264D315400B38A18 /* Frameworks */,
				B3079A60264D315400B38A18 /* Resources */,
			);
			buildRules = (
			);
			dependencies = (
			);
			name = EateriesCoreData;
			productName = EateriesCoreData;
			productReference = B3079A62264D315400B38A18 /* EateriesCoreData.app */;
			productType = "com.apple.product-type.application";
		};
		B3079A76264D315600B38A18 /* EateriesCoreDataTests */ = {
			isa = PBXNativeTarget;
			buildConfigurationList = B3079A90264D315600B38A18 /* Build configuration list for PBXNativeTarget "EateriesCoreDataTests" */;
			buildPhases = (
				B3079A73264D315600B38A18 /* Sources */,
				B3079A74264D315600B38A18 /* Frameworks */,
				B3079A75264D315600B38A18 /* Resources */,
			);
			buildRules = (
			);
			dependencies = (
				B3079A79264D315600B38A18 /* PBXTargetDependency */,
			);
			name = EateriesCoreDataTests;
			productName = EateriesCoreDataTests;
			productReference = B3079A77264D315600B38A18 /* EateriesCoreDataTests.xctest */;
			productType = "com.apple.product-type.bundle.unit-test";
		};
		B3079A81264D315600B38A18 /* EateriesCoreDataUITests */ = {
			isa = PBXNativeTarget;
			buildConfigurationList = B3079A91264D315600B38A18 /* Build configuration list for PBXNativeTarget "EateriesCoreDataUITests" */;
			buildPhases = (
				B3079A7E264D315600B38A18 /* Sources */,
				B3079A7F264D315600B38A18 /* Frameworks */,
				B3079A80264D315600B38A18 /* Resources */,
			);
			buildRules = (
			);
			dependencies = (
				B3079A84264D315600B38A18 /* PBXTargetDependency */,
			);
			name = EateriesCoreDataUITests;
			productName = EateriesCoreDataUITests;
			productReference = B3079A82264D315600B38A18 /* EateriesCoreDataUITests.xctest */;
			productType = "com.apple.product-type.bundle.ui-testing";
		};
		B3E695BC2640FCFE008FCFAC /* Eateries */ = {
			isa = PBXNativeTarget;
			buildConfigurationList = B3E695E22640FCFF008FCFAC /* Build configuration list for PBXNativeTarget "Eateries" */;
			buildPhases = (
				B3E695B92640FCFE008FCFAC /* Sources */,
				B3E695BA2640FCFE008FCFAC /* Frameworks */,
				B3E695BB2640FCFE008FCFAC /* Resources */,
			);
			buildRules = (
			);
			dependencies = (
			);
			name = Eateries;
			productName = Eateries;
			productReference = B3E695BD2640FCFE008FCFAC /* Eateries.app */;
			productType = "com.apple.product-type.application";
		};
		B3E695CD2640FCFE008FCFAC /* EateriesTests */ = {
			isa = PBXNativeTarget;
			buildConfigurationList = B3E695E52640FCFF008FCFAC /* Build configuration list for PBXNativeTarget "EateriesTests" */;
			buildPhases = (
				B3E695CA2640FCFE008FCFAC /* Sources */,
				B3E695CB2640FCFE008FCFAC /* Frameworks */,
				B3E695CC2640FCFE008FCFAC /* Resources */,
			);
			buildRules = (
			);
			dependencies = (
				B3E695D02640FCFE008FCFAC /* PBXTargetDependency */,
			);
			name = EateriesTests;
			productName = EateriesTests;
			productReference = B3E695CE2640FCFE008FCFAC /* EateriesTests.xctest */;
			productType = "com.apple.product-type.bundle.unit-test";
		};
		B3E695D82640FCFE008FCFAC /* EateriesUITests */ = {
			isa = PBXNativeTarget;
			buildConfigurationList = B3E695E82640FCFF008FCFAC /* Build configuration list for PBXNativeTarget "EateriesUITests" */;
			buildPhases = (
				B3E695D52640FCFE008FCFAC /* Sources */,
				B3E695D62640FCFE008FCFAC /* Frameworks */,
				B3E695D72640FCFE008FCFAC /* Resources */,
			);
			buildRules = (
			);
			dependencies = (
				B3E695DB2640FCFE008FCFAC /* PBXTargetDependency */,
			);
			name = EateriesUITests;
			productName = EateriesUITests;
			productReference = B3E695D92640FCFE008FCFAC /* EateriesUITests.xctest */;
			productType = "com.apple.product-type.bundle.ui-testing";
		};
/* End PBXNativeTarget section */

/* Begin PBXProject section */
		B3E695B52640FCFE008FCFAC /* Project object */ = {
			isa = PBXProject;
			attributes = {
				LastSwiftUpdateCheck = 1240;
				LastUpgradeCheck = 1240;
				TargetAttributes = {
					B3079A61264D315400B38A18 = {
						CreatedOnToolsVersion = 12.4;
					};
					B3079A76264D315600B38A18 = {
						CreatedOnToolsVersion = 12.4;
						TestTargetID = B3079A61264D315400B38A18;
					};
					B3079A81264D315600B38A18 = {
						CreatedOnToolsVersion = 12.4;
						TestTargetID = B3079A61264D315400B38A18;
					};
					B3E695BC2640FCFE008FCFAC = {
						CreatedOnToolsVersion = 12.4;
					};
					B3E695CD2640FCFE008FCFAC = {
						CreatedOnToolsVersion = 12.4;
						TestTargetID = B3E695BC2640FCFE008FCFAC;
					};
					B3E695D82640FCFE008FCFAC = {
						CreatedOnToolsVersion = 12.4;
						TestTargetID = B3E695BC2640FCFE008FCFAC;
					};
				};
			};
			buildConfigurationList = B3E695B82640FCFE008FCFAC /* Build configuration list for PBXProject "Eateries" */;
			compatibilityVersion = "Xcode 9.3";
			developmentRegion = en;
			hasScannedForEncodings = 0;
			knownRegions = (
				en,
				Base,
			);
			mainGroup = B3E695B42640FCFE008FCFAC;
			productRefGroup = B3E695BE2640FCFE008FCFAC /* Products */;
			projectDirPath = "";
			projectRoot = "";
			targets = (
				B3E695BC2640FCFE008FCFAC /* Eateries */,
				B3E695CD2640FCFE008FCFAC /* EateriesTests */,
				B3E695D82640FCFE008FCFAC /* EateriesUITests */,
				B3079A61264D315400B38A18 /* EateriesCoreData */,
				B3079A76264D315600B38A18 /* EateriesCoreDataTests */,
				B3079A81264D315600B38A18 /* EateriesCoreDataUITests */,
			);
		};
/* End PBXProject section */

/* Begin PBXResourcesBuildPhase section */
		B3079A60264D315400B38A18 /* Resources */ = {
			isa = PBXResourcesBuildPhase;
			buildActionMask = 2147483647;
			files = (
				B3079A6C264D315500B38A18 /* Preview Assets.xcassets in Resources */,
				B3079A69264D315500B38A18 /* Assets.xcassets in Resources */,
			);
			runOnlyForDeploymentPostprocessing = 0;
		};
		B3079A75264D315600B38A18 /* Resources */ = {
			isa = PBXResourcesBuildPhase;
			buildActionMask = 2147483647;
			files = (
			);
			runOnlyForDeploymentPostprocessing = 0;
		};
		B3079A80264D315600B38A18 /* Resources */ = {
			isa = PBXResourcesBuildPhase;
			buildActionMask = 2147483647;
			files = (
			);
			runOnlyForDeploymentPostprocessing = 0;
		};
		B3E695BB2640FCFE008FCFAC /* Resources */ = {
			isa = PBXResourcesBuildPhase;
			buildActionMask = 2147483647;
			files = (
				B3E695C82640FCFE008FCFAC /* Preview Assets.xcassets in Resources */,
				B3E695C52640FCFE008FCFAC /* Assets.xcassets in Resources */,
			);
			runOnlyForDeploymentPostprocessing = 0;
		};
		B3E695CC2640FCFE008FCFAC /* Resources */ = {
			isa = PBXResourcesBuildPhase;
			buildActionMask = 2147483647;
			files = (
			);
			runOnlyForDeploymentPostprocessing = 0;
		};
		B3E695D72640FCFE008FCFAC /* Resources */ = {
			isa = PBXResourcesBuildPhase;
			buildActionMask = 2147483647;
			files = (
			);
			runOnlyForDeploymentPostprocessing = 0;
		};
/* End PBXResourcesBuildPhase section */

/* Begin PBXSourcesBuildPhase section */
		B3079A5E264D315400B38A18 /* Sources */ = {
			isa = PBXSourcesBuildPhase;
			buildActionMask = 2147483647;
			files = (
				B3079AC0264D41C400B38A18 /* MasterView.swift in Sources */,
				B3079A6E264D315500B38A18 /* Persistence.swift in Sources */,
				B3079A67264D315400B38A18 /* ContentView.swift in Sources */,
				B3079AB8264D3D7100B38A18 /* Restaurant+ViewModel.swift in Sources */,
				B3079A71264D315500B38A18 /* EateriesCoreData.xcdatamodeld in Sources */,
				B3079A65264D315400B38A18 /* EateriesCoreDataApp.swift in Sources */,
			);
			runOnlyForDeploymentPostprocessing = 0;
		};
		B3079A73264D315600B38A18 /* Sources */ = {
			isa = PBXSourcesBuildPhase;
			buildActionMask = 2147483647;
			files = (
				B3079A7C264D315600B38A18 /* EateriesCoreDataTests.swift in Sources */,
			);
			runOnlyForDeploymentPostprocessing = 0;
		};
		B3079A7E264D315600B38A18 /* Sources */ = {
			isa = PBXSourcesBuildPhase;
			buildActionMask = 2147483647;
			files = (
				B3079A87264D315600B38A18 /* EateriesCoreDataUITests.swift in Sources */,
			);
			runOnlyForDeploymentPostprocessing = 0;
		};
		B3E695B92640FCFE008FCFAC /* Sources */ = {
			isa = PBXSourcesBuildPhase;
			buildActionMask = 2147483647;
			files = (
				B3688B7A26410159006A8EF9 /* DetailRoute.swift in Sources */,
				B3688B7F26410173006A8EF9 /* RestaurantDetailView.swift in Sources */,
				B3688B682640FE23006A8EF9 /* RestaurantModel.swift in Sources */,
				B3E695C32640FCFE008FCFAC /* ContentView.swift in Sources */,
				B3E695C12640FCFE008FCFAC /* EateriesApp.swift in Sources */,
				B3688B8426410180006A8EF9 /* RestaurantEditView.swift in Sources */,
				B3688B702640FF79006A8EF9 /* RestaurantListView.swift in Sources */,
				B396813D2643BAC900A498D8 /* ReviewCellView.swift in Sources */,
				B3688B752640FF9D006A8EF9 /* RestaurantCellView.swift in Sources */,
			);
			runOnlyForDeploymentPostprocessing = 0;
		};
		B3E695CA2640FCFE008FCFAC /* Sources */ = {
			isa = PBXSourcesBuildPhase;
			buildActionMask = 2147483647;
			files = (
				B3E695D32640FCFE008FCFAC /* EateriesTests.swift in Sources */,
			);
			runOnlyForDeploymentPostprocessing = 0;
		};
		B3E695D52640FCFE008FCFAC /* Sources */ = {
			isa = PBXSourcesBuildPhase;
			buildActionMask = 2147483647;
			files = (
				B3E695DE2640FCFE008FCFAC /* EateriesUITests.swift in Sources */,
			);
			runOnlyForDeploymentPostprocessing = 0;
		};
/* End PBXSourcesBuildPhase section */

/* Begin PBXTargetDependency section */
		B3079A79264D315600B38A18 /* PBXTargetDependency */ = {
			isa = PBXTargetDependency;
			target = B3079A61264D315400B38A18 /* EateriesCoreData */;
			targetProxy = B3079A78264D315600B38A18 /* PBXContainerItemProxy */;
		};
		B3079A84264D315600B38A18 /* PBXTargetDependency */ = {
			isa = PBXTargetDependency;
			target = B3079A61264D315400B38A18 /* EateriesCoreData */;
			targetProxy = B3079A83264D315600B38A18 /* PBXContainerItemProxy */;
		};
		B3E695D02640FCFE008FCFAC /* PBXTargetDependency */ = {
			isa = PBXTargetDependency;
			target = B3E695BC2640FCFE008FCFAC /* Eateries */;
			targetProxy = B3E695CF2640FCFE008FCFAC /* PBXContainerItemProxy */;
		};
		B3E695DB2640FCFE008FCFAC /* PBXTargetDependency */ = {
			isa = PBXTargetDependency;
			target = B3E695BC2640FCFE008FCFAC /* Eateries */;
			targetProxy = B3E695DA2640FCFE008FCFAC /* PBXContainerItemProxy */;
		};
/* End PBXTargetDependency section */

/* Begin XCBuildConfiguration section */
		B3079A89264D315600B38A18 /* Debug */ = {
			isa = XCBuildConfiguration;
			buildSettings = {
				ASSETCATALOG_COMPILER_APPICON_NAME = AppIcon;
				ASSETCATALOG_COMPILER_GLOBAL_ACCENT_COLOR_NAME = AccentColor;
				CODE_SIGN_STYLE = Automatic;
				DEVELOPMENT_ASSET_PATHS = "\"EateriesCoreData/Preview Content\"";
				ENABLE_PREVIEWS = YES;
				INFOPLIST_FILE = EateriesCoreData/Info.plist;
				IPHONEOS_DEPLOYMENT_TARGET = 14.0;
				LD_RUNPATH_SEARCH_PATHS = (
					"$(inherited)",
					"@executable_path/Frameworks",
				);
				PRODUCT_BUNDLE_IDENTIFIER = au.edu.griffith.ict.prog.EateriesCoreData;
				PRODUCT_NAME = "$(TARGET_NAME)";
				SWIFT_VERSION = 5.0;
				TARGETED_DEVICE_FAMILY = "1,2";
			};
			name = Debug;
		};
		B3079A8A264D315600B38A18 /* Release */ = {
			isa = XCBuildConfiguration;
			buildSettings = {
				ASSETCATALOG_COMPILER_APPICON_NAME = AppIcon;
				ASSETCATALOG_COMPILER_GLOBAL_ACCENT_COLOR_NAME = AccentColor;
				CODE_SIGN_STYLE = Automatic;
				DEVELOPMENT_ASSET_PATHS = "\"EateriesCoreData/Preview Content\"";
				ENABLE_PREVIEWS = YES;
				INFOPLIST_FILE = EateriesCoreData/Info.plist;
				IPHONEOS_DEPLOYMENT_TARGET = 14.0;
				LD_RUNPATH_SEARCH_PATHS = (
					"$(inherited)",
					"@executable_path/Frameworks",
				);
				PRODUCT_BUNDLE_IDENTIFIER = au.edu.griffith.ict.prog.EateriesCoreData;
				PRODUCT_NAME = "$(TARGET_NAME)";
				SWIFT_VERSION = 5.0;
				TARGETED_DEVICE_FAMILY = "1,2";
			};
			name = Release;
		};
		B3079A8B264D315600B38A18 /* Debug */ = {
			isa = XCBuildConfiguration;
			buildSettings = {
				ALWAYS_EMBED_SWIFT_STANDARD_LIBRARIES = YES;
				BUNDLE_LOADER = "$(TEST_HOST)";
				CODE_SIGN_STYLE = Automatic;
				INFOPLIST_FILE = EateriesCoreDataTests/Info.plist;
				IPHONEOS_DEPLOYMENT_TARGET = 14.0;
				LD_RUNPATH_SEARCH_PATHS = (
					"$(inherited)",
					"@executable_path/Frameworks",
					"@loader_path/Frameworks",
				);
				PRODUCT_BUNDLE_IDENTIFIER = au.edu.griffith.ict.prog.EateriesCoreDataTests;
				PRODUCT_NAME = "$(TARGET_NAME)";
				SWIFT_VERSION = 5.0;
				TARGETED_DEVICE_FAMILY = "1,2";
				TEST_HOST = "$(BUILT_PRODUCTS_DIR)/EateriesCoreData.app/EateriesCoreData";
			};
			name = Debug;
		};
		B3079A8C264D315600B38A18 /* Release */ = {
			isa = XCBuildConfiguration;
			buildSettings = {
				ALWAYS_EMBED_SWIFT_STANDARD_LIBRARIES = YES;
				BUNDLE_LOADER = "$(TEST_HOST)";
				CODE_SIGN_STYLE = Automatic;
				INFOPLIST_FILE = EateriesCoreDataTests/Info.plist;
				IPHONEOS_DEPLOYMENT_TARGET = 14.0;
				LD_RUNPATH_SEARCH_PATHS = (
					"$(inherited)",
					"@executable_path/Frameworks",
					"@loader_path/Frameworks",
				);
				PRODUCT_BUNDLE_IDENTIFIER = au.edu.griffith.ict.prog.EateriesCoreDataTests;
				PRODUCT_NAME = "$(TARGET_NAME)";
				SWIFT_VERSION = 5.0;
				TARGETED_DEVICE_FAMILY = "1,2";
				TEST_HOST = "$(BUILT_PRODUCTS_DIR)/EateriesCoreData.app/EateriesCoreData";
			};
			name = Release;
		};
		B3079A8D264D315600B38A18 /* Debug */ = {
			isa = XCBuildConfiguration;
			buildSettings = {
				ALWAYS_EMBED_SWIFT_STANDARD_LIBRARIES = YES;
				CODE_SIGN_STYLE = Automatic;
				INFOPLIST_FILE = EateriesCoreDataUITests/Info.plist;
				LD_RUNPATH_SEARCH_PATHS = (
					"$(inherited)",
					"@executable_path/Frameworks",
					"@loader_path/Frameworks",
				);
				PRODUCT_BUNDLE_IDENTIFIER = au.edu.griffith.ict.prog.EateriesCoreDataUITests;
				PRODUCT_NAME = "$(TARGET_NAME)";
				SWIFT_VERSION = 5.0;
				TARGETED_DEVICE_FAMILY = "1,2";
				TEST_TARGET_NAME = EateriesCoreData;
			};
			name = Debug;
		};
		B3079A8E264D315600B38A18 /* Release */ = {
			isa = XCBuildConfiguration;
			buildSettings = {
				ALWAYS_EMBED_SWIFT_STANDARD_LIBRARIES = YES;
				CODE_SIGN_STYLE = Automatic;
				INFOPLIST_FILE = EateriesCoreDataUITests/Info.plist;
				LD_RUNPATH_SEARCH_PATHS = (
					"$(inherited)",
					"@executable_path/Frameworks",
					"@loader_path/Frameworks",
				);
				PRODUCT_BUNDLE_IDENTIFIER = au.edu.griffith.ict.prog.EateriesCoreDataUITests;
				PRODUCT_NAME = "$(TARGET_NAME)";
				SWIFT_VERSION = 5.0;
				TARGETED_DEVICE_FAMILY = "1,2";
				TEST_TARGET_NAME = EateriesCoreData;
			};
			name = Release;
		};
		B3E695E02640FCFF008FCFAC /* Debug */ = {
			isa = XCBuildConfiguration;
			buildSettings = {
				ALWAYS_SEARCH_USER_PATHS = NO;
				CLANG_ANALYZER_NONNULL = YES;
				CLANG_ANALYZER_NUMBER_OBJECT_CONVERSION = YES_AGGRESSIVE;
				CLANG_CXX_LANGUAGE_STANDARD = "gnu++14";
				CLANG_CXX_LIBRARY = "libc++";
				CLANG_ENABLE_MODULES = YES;
				CLANG_ENABLE_OBJC_ARC = YES;
				CLANG_ENABLE_OBJC_WEAK = YES;
				CLANG_WARN_BLOCK_CAPTURE_AUTORELEASING = YES;
				CLANG_WARN_BOOL_CONVERSION = YES;
				CLANG_WARN_COMMA = YES;
				CLANG_WARN_CONSTANT_CONVERSION = YES;
				CLANG_WARN_DEPRECATED_OBJC_IMPLEMENTATIONS = YES;
				CLANG_WARN_DIRECT_OBJC_ISA_USAGE = YES_ERROR;
				CLANG_WARN_DOCUMENTATION_COMMENTS = YES;
				CLANG_WARN_EMPTY_BODY = YES;
				CLANG_WARN_ENUM_CONVERSION = YES;
				CLANG_WARN_INFINITE_RECURSION = YES;
				CLANG_WARN_INT_CONVERSION = YES;
				CLANG_WARN_NON_LITERAL_NULL_CONVERSION = YES;
				CLANG_WARN_OBJC_IMPLICIT_RETAIN_SELF = YES;
				CLANG_WARN_OBJC_LITERAL_CONVERSION = YES;
				CLANG_WARN_OBJC_ROOT_CLASS = YES_ERROR;
				CLANG_WARN_QUOTED_INCLUDE_IN_FRAMEWORK_HEADER = YES;
				CLANG_WARN_RANGE_LOOP_ANALYSIS = YES;
				CLANG_WARN_STRICT_PROTOTYPES = YES;
				CLANG_WARN_SUSPICIOUS_MOVE = YES;
				CLANG_WARN_UNGUARDED_AVAILABILITY = YES_AGGRESSIVE;
				CLANG_WARN_UNREACHABLE_CODE = YES;
				CLANG_WARN__DUPLICATE_METHOD_MATCH = YES;
				COPY_PHASE_STRIP = NO;
				DEBUG_INFORMATION_FORMAT = dwarf;
				ENABLE_STRICT_OBJC_MSGSEND = YES;
				ENABLE_TESTABILITY = YES;
				GCC_C_LANGUAGE_STANDARD = gnu11;
				GCC_DYNAMIC_NO_PIC = NO;
				GCC_NO_COMMON_BLOCKS = YES;
				GCC_OPTIMIZATION_LEVEL = 0;
				GCC_PREPROCESSOR_DEFINITIONS = (
					"DEBUG=1",
					"$(inherited)",
				);
				GCC_WARN_64_TO_32_BIT_CONVERSION = YES;
				GCC_WARN_ABOUT_RETURN_TYPE = YES_ERROR;
				GCC_WARN_UNDECLARED_SELECTOR = YES;
				GCC_WARN_UNINITIALIZED_AUTOS = YES_AGGRESSIVE;
				GCC_WARN_UNUSED_FUNCTION = YES;
				GCC_WARN_UNUSED_VARIABLE = YES;
				IPHONEOS_DEPLOYMENT_TARGET = 14.4;
				MTL_ENABLE_DEBUG_INFO = INCLUDE_SOURCE;
				MTL_FAST_MATH = YES;
				ONLY_ACTIVE_ARCH = YES;
				SDKROOT = iphoneos;
				SWIFT_ACTIVE_COMPILATION_CONDITIONS = DEBUG;
				SWIFT_OPTIMIZATION_LEVEL = "-Onone";
			};
			name = Debug;
		};
		B3E695E12640FCFF008FCFAC /* Release */ = {
			isa = XCBuildConfiguration;
			buildSettings = {
				ALWAYS_SEARCH_USER_PATHS = NO;
				CLANG_ANALYZER_NONNULL = YES;
				CLANG_ANALYZER_NUMBER_OBJECT_CONVERSION = YES_AGGRESSIVE;
				CLANG_CXX_LANGUAGE_STANDARD = "gnu++14";
				CLANG_CXX_LIBRARY = "libc++";
				CLANG_ENABLE_MODULES = YES;
				CLANG_ENABLE_OBJC_ARC = YES;
				CLANG_ENABLE_OBJC_WEAK = YES;
				CLANG_WARN_BLOCK_CAPTURE_AUTORELEASING = YES;
				CLANG_WARN_BOOL_CONVERSION = YES;
				CLANG_WARN_COMMA = YES;
				CLANG_WARN_CONSTANT_CONVERSION = YES;
				CLANG_WARN_DEPRECATED_OBJC_IMPLEMENTATIONS = YES;
				CLANG_WARN_DIRECT_OBJC_ISA_USAGE = YES_ERROR;
				CLANG_WARN_DOCUMENTATION_COMMENTS = YES;
				CLANG_WARN_EMPTY_BODY = YES;
				CLANG_WARN_ENUM_CONVERSION = YES;
				CLANG_WARN_INFINITE_RECURSION = YES;
				CLANG_WARN_INT_CONVERSION = YES;
				CLANG_WARN_NON_LITERAL_NULL_CONVERSION = YES;
				CLANG_WARN_OBJC_IMPLICIT_RETAIN_SELF = YES;
				CLANG_WARN_OBJC_LITERAL_CONVERSION = YES;
				CLANG_WARN_OBJC_ROOT_CLASS = YES_ERROR;
				CLANG_WARN_QUOTED_INCLUDE_IN_FRAMEWORK_HEADER = YES;
				CLANG_WARN_RANGE_LOOP_ANALYSIS = YES;
				CLANG_WARN_STRICT_PROTOTYPES = YES;
				CLANG_WARN_SUSPICIOUS_MOVE = YES;
				CLANG_WARN_UNGUARDED_AVAILABILITY = YES_AGGRESSIVE;
				CLANG_WARN_UNREACHABLE_CODE = YES;
				CLANG_WARN__DUPLICATE_METHOD_MATCH = YES;
				COPY_PHASE_STRIP = NO;
				DEBUG_INFORMATION_FORMAT = "dwarf-with-dsym";
				ENABLE_NS_ASSERTIONS = NO;
				ENABLE_STRICT_OBJC_MSGSEND = YES;
				GCC_C_LANGUAGE_STANDARD = gnu11;
				GCC_NO_COMMON_BLOCKS = YES;
				GCC_WARN_64_TO_32_BIT_CONVERSION = YES;
				GCC_WARN_ABOUT_RETURN_TYPE = YES_ERROR;
				GCC_WARN_UNDECLARED_SELECTOR = YES;
				GCC_WARN_UNINITIALIZED_AUTOS = YES_AGGRESSIVE;
				GCC_WARN_UNUSED_FUNCTION = YES;
				GCC_WARN_UNUSED_VARIABLE = YES;
				IPHONEOS_DEPLOYMENT_TARGET = 14.4;
				MTL_ENABLE_DEBUG_INFO = NO;
				MTL_FAST_MATH = YES;
				SDKROOT = iphoneos;
				SWIFT_COMPILATION_MODE = wholemodule;
				SWIFT_OPTIMIZATION_LEVEL = "-O";
				VALIDATE_PRODUCT = YES;
			};
			name = Release;
		};
		B3E695E32640FCFF008FCFAC /* Debug */ = {
			isa = XCBuildConfiguration;
			buildSettings = {
				ASSETCATALOG_COMPILER_APPICON_NAME = AppIcon;
				ASSETCATALOG_COMPILER_GLOBAL_ACCENT_COLOR_NAME = AccentColor;
				CODE_SIGN_STYLE = Automatic;
				DEVELOPMENT_ASSET_PATHS = "\"Eateries/Preview Content\"";
				DEVELOPMENT_TEAM = TLFCRD5283;
				ENABLE_PREVIEWS = YES;
				INFOPLIST_FILE = Eateries/Info.plist;
				IPHONEOS_DEPLOYMENT_TARGET = 14.0;
				LD_RUNPATH_SEARCH_PATHS = (
					"$(inherited)",
					"@executable_path/Frameworks",
				);
				PRODUCT_BUNDLE_IDENTIFIER = au.edu.griffith.ict.Eateries;
				PRODUCT_NAME = "$(TARGET_NAME)";
				SWIFT_VERSION = 5.0;
				TARGETED_DEVICE_FAMILY = "1,2";
			};
			name = Debug;
		};
		B3E695E42640FCFF008FCFAC /* Release */ = {
			isa = XCBuildConfiguration;
			buildSettings = {
				ASSETCATALOG_COMPILER_APPICON_NAME = AppIcon;
				ASSETCATALOG_COMPILER_GLOBAL_ACCENT_COLOR_NAME = AccentColor;
				CODE_SIGN_STYLE = Automatic;
				DEVELOPMENT_ASSET_PATHS = "\"Eateries/Preview Content\"";
				DEVELOPMENT_TEAM = TLFCRD5283;
				ENABLE_PREVIEWS = YES;
				INFOPLIST_FILE = Eateries/Info.plist;
				IPHONEOS_DEPLOYMENT_TARGET = 14.0;
				LD_RUNPATH_SEARCH_PATHS = (
					"$(inherited)",
					"@executable_path/Frameworks",
				);
				PRODUCT_BUNDLE_IDENTIFIER = au.edu.griffith.ict.Eateries;
				PRODUCT_NAME = "$(TARGET_NAME)";
				SWIFT_VERSION = 5.0;
				TARGETED_DEVICE_FAMILY = "1,2";
			};
			name = Release;
		};
		B3E695E62640FCFF008FCFAC /* Debug */ = {
			isa = XCBuildConfiguration;
			buildSettings = {
				ALWAYS_EMBED_SWIFT_STANDARD_LIBRARIES = YES;
				BUNDLE_LOADER = "$(TEST_HOST)";
				CODE_SIGN_STYLE = Automatic;
				INFOPLIST_FILE = EateriesTests/Info.plist;
				IPHONEOS_DEPLOYMENT_TARGET = 14.0;
				LD_RUNPATH_SEARCH_PATHS = (
					"$(inherited)",
					"@executable_path/Frameworks",
					"@loader_path/Frameworks",
				);
				PRODUCT_BUNDLE_IDENTIFIER = au.edu.griffith.ict.EateriesTests;
				PRODUCT_NAME = "$(TARGET_NAME)";
				SWIFT_VERSION = 5.0;
				TARGETED_DEVICE_FAMILY = "1,2";
				TEST_HOST = "$(BUILT_PRODUCTS_DIR)/Eateries.app/Eateries";
			};
			name = Debug;
		};
		B3E695E72640FCFF008FCFAC /* Release */ = {
			isa = XCBuildConfiguration;
			buildSettings = {
				ALWAYS_EMBED_SWIFT_STANDARD_LIBRARIES = YES;
				BUNDLE_LOADER = "$(TEST_HOST)";
				CODE_SIGN_STYLE = Automatic;
				INFOPLIST_FILE = EateriesTests/Info.plist;
				IPHONEOS_DEPLOYMENT_TARGET = 14.0;
				LD_RUNPATH_SEARCH_PATHS = (
					"$(inherited)",
					"@executable_path/Frameworks",
					"@loader_path/Frameworks",
				);
				PRODUCT_BUNDLE_IDENTIFIER = au.edu.griffith.ict.EateriesTests;
				PRODUCT_NAME = "$(TARGET_NAME)";
				SWIFT_VERSION = 5.0;
				TARGETED_DEVICE_FAMILY = "1,2";
				TEST_HOST = "$(BUILT_PRODUCTS_DIR)/Eateries.app/Eateries";
			};
			name = Release;
		};
		B3E695E92640FCFF008FCFAC /* Debug */ = {
			isa = XCBuildConfiguration;
			buildSettings = {
				ALWAYS_EMBED_SWIFT_STANDARD_LIBRARIES = YES;
				CODE_SIGN_STYLE = Automatic;
				INFOPLIST_FILE = EateriesUITests/Info.plist;
				LD_RUNPATH_SEARCH_PATHS = (
					"$(inherited)",
					"@executable_path/Frameworks",
					"@loader_path/Frameworks",
				);
				PRODUCT_BUNDLE_IDENTIFIER = au.edu.griffith.ict.EateriesUITests;
				PRODUCT_NAME = "$(TARGET_NAME)";
				SWIFT_VERSION = 5.0;
				TARGETED_DEVICE_FAMILY = "1,2";
				TEST_TARGET_NAME = Eateries;
			};
			name = Debug;
		};
		B3E695EA2640FCFF008FCFAC /* Release */ = {
			isa = XCBuildConfiguration;
			buildSettings = {
				ALWAYS_EMBED_SWIFT_STANDARD_LIBRARIES = YES;
				CODE_SIGN_STYLE = Automatic;
				INFOPLIST_FILE = EateriesUITests/Info.plist;
				LD_RUNPATH_SEARCH_PATHS = (
					"$(inherited)",
					"@executable_path/Frameworks",
					"@loader_path/Frameworks",
				);
				PRODUCT_BUNDLE_IDENTIFIER = au.edu.griffith.ict.EateriesUITests;
				PRODUCT_NAME = "$(TARGET_NAME)";
				SWIFT_VERSION = 5.0;
				TARGETED_DEVICE_FAMILY = "1,2";
				TEST_TARGET_NAME = Eateries;
			};
			name = Release;
		};
/* End XCBuildConfiguration section */

/* Begin XCConfigurationList section */
		B3079A8F264D315600B38A18 /* Build configuration list for PBXNativeTarget "EateriesCoreData" */ = {
			isa = XCConfigurationList;
			buildConfigurations = (
				B3079A89264D315600B38A18 /* Debug */,
				B3079A8A264D315600B38A18 /* Release */,
			);
			defaultConfigurationIsVisible = 0;
			defaultConfigurationName = Release;
		};
		B3079A90264D315600B38A18 /* Build configuration list for PBXNativeTarget "EateriesCoreDataTests" */ = {
			isa = XCConfigurationList;
			buildConfigurations = (
				B3079A8B264D315600B38A18 /* Debug */,
				B3079A8C264D315600B38A18 /* Release */,
			);
			defaultConfigurationIsVisible = 0;
			defaultConfigurationName = Release;
		};
		B3079A91264D315600B38A18 /* Build configuration list for PBXNativeTarget "EateriesCoreDataUITests" */ = {
			isa = XCConfigurationList;
			buildConfigurations = (
				B3079A8D264D315600B38A18 /* Debug */,
				B3079A8E264D315600B38A18 /* Release */,
			);
			defaultConfigurationIsVisible = 0;
			defaultConfigurationName = Release;
		};
		B3E695B82640FCFE008FCFAC /* Build configuration list for PBXProject "Eateries" */ = {
			isa = XCConfigurationList;
			buildConfigurations = (
				B3E695E02640FCFF008FCFAC /* Debug */,
				B3E695E12640FCFF008FCFAC /* Release */,
			);
			defaultConfigurationIsVisible = 0;
			defaultConfigurationName = Release;
		};
		B3E695E22640FCFF008FCFAC /* Build configuration list for PBXNativeTarget "Eateries" */ = {
			isa = XCConfigurationList;
			buildConfigurations = (
				B3E695E32640FCFF008FCFAC /* Debug */,
				B3E695E42640FCFF008FCFAC /* Release */,
			);
			defaultConfigurationIsVisible = 0;
			defaultConfigurationName = Release;
		};
		B3E695E52640FCFF008FCFAC /* Build configuration list for PBXNativeTarget "EateriesTests" */ = {
			isa = XCConfigurationList;
			buildConfigurations = (
				B3E695E62640FCFF008FCFAC /* Debug */,
				B3E695E72640FCFF008FCFAC /* Release */,
			);
			defaultConfigurationIsVisible = 0;
			defaultConfigurationName = Release;
		};
		B3E695E82640FCFF008FCFAC /* Build configuration list for PBXNativeTarget "EateriesUITests" */ = {
			isa = XCConfigurationList;
			buildConfigurations = (
				B3E695E92640FCFF008FCFAC /* Debug */,
				B3E695EA2640FCFF008FCFAC /* Release */,
			);
			defaultConfigurationIsVisible = 0;
			defaultConfigurationName = Release;
		};
/* End XCConfigurationList section */

/* Begin XCVersionGroup section */
		B3079A6F264D315500B38A18 /* EateriesCoreData.xcdatamodeld */ = {
			isa = XCVersionGroup;
			children = (
				B3079A70264D315500B38A18 /* EateriesCoreData.xcdatamodel */,
			);
			currentVersion = B3079A70264D315500B38A18 /* EateriesCoreData.xcdatamodel */;
			path = EateriesCoreData.xcdatamodeld;
			sourceTree = "<group>";
			versionGroupType = wrapper.xcdatamodel;
		};
/* End XCVersionGroup section */
	};
	rootObject = B3E695B52640FCFE008FCFAC /* Project object */;
}
